// !$*UTF8*$!
{
	archiveVersion = 1;
	classes = {
	};
	objectVersion = 50;
	objects = {

/* Begin PBXBuildFile section */
		31C664F89B46E3397D2115CD /* Pods_MindvalleyChallengeTests.framework in Frameworks */ = {isa = PBXBuildFile; fileRef = D93D228A363A989B60B8132D /* Pods_MindvalleyChallengeTests.framework */; };
		464B8CA392B9CEE011AAAB13 /* Pods_MindvalleyChallenge.framework in Frameworks */ = {isa = PBXBuildFile; fileRef = 7E60123E602F9674C8F19497 /* Pods_MindvalleyChallenge.framework */; };
		741019A2214BD4490004FDAB /* AppDelegate.swift in Sources */ = {isa = PBXBuildFile; fileRef = 741019A1214BD4490004FDAB /* AppDelegate.swift */; };
		741019A4214BD4490004FDAB /* ViewController.swift in Sources */ = {isa = PBXBuildFile; fileRef = 741019A3214BD4490004FDAB /* ViewController.swift */; };
		741019A7214BD4490004FDAB /* Main.storyboard in Resources */ = {isa = PBXBuildFile; fileRef = 741019A5214BD4490004FDAB /* Main.storyboard */; };
		741019A9214BD44A0004FDAB /* Assets.xcassets in Resources */ = {isa = PBXBuildFile; fileRef = 741019A8214BD44A0004FDAB /* Assets.xcassets */; };
		741019AC214BD44A0004FDAB /* LaunchScreen.storyboard in Resources */ = {isa = PBXBuildFile; fileRef = 741019AA214BD44A0004FDAB /* LaunchScreen.storyboard */; };
		741019B7214BD44A0004FDAB /* MindvalleyChallengeTests.swift in Sources */ = {isa = PBXBuildFile; fileRef = 741019B6214BD44A0004FDAB /* MindvalleyChallengeTests.swift */; };
		741019C5214BD9880004FDAB /* Resource.swift in Sources */ = {isa = PBXBuildFile; fileRef = 741019C4214BD9880004FDAB /* Resource.swift */; };
		741019C7214BDA810004FDAB /* Links.swift in Sources */ = {isa = PBXBuildFile; fileRef = 741019C6214BDA810004FDAB /* Links.swift */; };
		741019C9214BDB740004FDAB /* URLs.swift in Sources */ = {isa = PBXBuildFile; fileRef = 741019C8214BDB740004FDAB /* URLs.swift */; };
		741019CB214BDBB20004FDAB /* User.swift in Sources */ = {isa = PBXBuildFile; fileRef = 741019CA214BDBB20004FDAB /* User.swift */; };
		741019CD214BDC180004FDAB /* ProfileImage.swift in Sources */ = {isa = PBXBuildFile; fileRef = 741019CC214BDC180004FDAB /* ProfileImage.swift */; };
		741019CF214BE20A0004FDAB /* Category.swift in Sources */ = {isa = PBXBuildFile; fileRef = 741019CE214BE20A0004FDAB /* Category.swift */; };
		741019D9214BEA240004FDAB /* Constants.swift in Sources */ = {isa = PBXBuildFile; fileRef = 741019D8214BEA240004FDAB /* Constants.swift */; };
		741019DB214BED560004FDAB /* ResourceController.swift in Sources */ = {isa = PBXBuildFile; fileRef = 741019DA214BED560004FDAB /* ResourceController.swift */; };
		741019DE214C77790004FDAB /* ResourceViewController.swift in Sources */ = {isa = PBXBuildFile; fileRef = 741019DC214C77790004FDAB /* ResourceViewController.swift */; };
		741019DF214C77790004FDAB /* ResourceViewController.xib in Resources */ = {isa = PBXBuildFile; fileRef = 741019DD214C77790004FDAB /* ResourceViewController.xib */; };
		741019E3214C7BD30004FDAB /* ResourceTableViewCell.swift in Sources */ = {isa = PBXBuildFile; fileRef = 741019E1214C7BD30004FDAB /* ResourceTableViewCell.swift */; };
		741019E4214C7BD30004FDAB /* ResourceTableViewCell.xib in Resources */ = {isa = PBXBuildFile; fileRef = 741019E2214C7BD30004FDAB /* ResourceTableViewCell.xib */; };
		7483BBFD214D5DDE006038A4 /* ObjectMapper.framework in Frameworks */ = {isa = PBXBuildFile; fileRef = 7483BBFC214D5DDE006038A4 /* ObjectMapper.framework */; };
		7483BBFF214D5DDE006038A4 /* SDWebImage.framework in Frameworks */ = {isa = PBXBuildFile; fileRef = 7483BBFE214D5DDE006038A4 /* SDWebImage.framework */; };
/* End PBXBuildFile section */

/* Begin PBXContainerItemProxy section */
		741019B3214BD44A0004FDAB /* PBXContainerItemProxy */ = {
			isa = PBXContainerItemProxy;
			containerPortal = 74101996214BD4480004FDAB /* Project object */;
			proxyType = 1;
			remoteGlobalIDString = 7410199D214BD4490004FDAB;
			remoteInfo = MindvalleyChallenge;
		};
/* End PBXContainerItemProxy section */

/* Begin PBXFileReference section */
		038B97AA776BD720F643041A /* Pods-MindvalleyChallengeTests.release.xcconfig */ = {isa = PBXFileReference; includeInIndex = 1; lastKnownFileType = text.xcconfig; name = "Pods-MindvalleyChallengeTests.release.xcconfig"; path = "Pods/Target Support Files/Pods-MindvalleyChallengeTests/Pods-MindvalleyChallengeTests.release.xcconfig"; sourceTree = "<group>"; };
		3E8729835E756D0647C1F99C /* Pods-MindvalleyChallengeTests.debug.xcconfig */ = {isa = PBXFileReference; includeInIndex = 1; lastKnownFileType = text.xcconfig; name = "Pods-MindvalleyChallengeTests.debug.xcconfig"; path = "Pods/Target Support Files/Pods-MindvalleyChallengeTests/Pods-MindvalleyChallengeTests.debug.xcconfig"; sourceTree = "<group>"; };
		6F214E9427F5F201781BEE96 /* Pods-MindvalleyChallenge.release.xcconfig */ = {isa = PBXFileReference; includeInIndex = 1; lastKnownFileType = text.xcconfig; name = "Pods-MindvalleyChallenge.release.xcconfig"; path = "Pods/Target Support Files/Pods-MindvalleyChallenge/Pods-MindvalleyChallenge.release.xcconfig"; sourceTree = "<group>"; };
		7410199E214BD4490004FDAB /* MindvalleyChallenge.app */ = {isa = PBXFileReference; explicitFileType = wrapper.application; includeInIndex = 0; path = MindvalleyChallenge.app; sourceTree = BUILT_PRODUCTS_DIR; };
		741019A1214BD4490004FDAB /* AppDelegate.swift */ = {isa = PBXFileReference; lastKnownFileType = sourcecode.swift; path = AppDelegate.swift; sourceTree = "<group>"; };
		741019A3214BD4490004FDAB /* ViewController.swift */ = {isa = PBXFileReference; lastKnownFileType = sourcecode.swift; path = ViewController.swift; sourceTree = "<group>"; };
		741019A6214BD4490004FDAB /* Base */ = {isa = PBXFileReference; lastKnownFileType = file.storyboard; name = Base; path = Base.lproj/Main.storyboard; sourceTree = "<group>"; };
		741019A8214BD44A0004FDAB /* Assets.xcassets */ = {isa = PBXFileReference; lastKnownFileType = folder.assetcatalog; path = Assets.xcassets; sourceTree = "<group>"; };
		741019AB214BD44A0004FDAB /* Base */ = {isa = PBXFileReference; lastKnownFileType = file.storyboard; name = Base; path = Base.lproj/LaunchScreen.storyboard; sourceTree = "<group>"; };
		741019AD214BD44A0004FDAB /* Info.plist */ = {isa = PBXFileReference; lastKnownFileType = text.plist.xml; path = Info.plist; sourceTree = "<group>"; };
		741019B2214BD44A0004FDAB /* MindvalleyChallengeTests.xctest */ = {isa = PBXFileReference; explicitFileType = wrapper.cfbundle; includeInIndex = 0; path = MindvalleyChallengeTests.xctest; sourceTree = BUILT_PRODUCTS_DIR; };
		741019B6214BD44A0004FDAB /* MindvalleyChallengeTests.swift */ = {isa = PBXFileReference; lastKnownFileType = sourcecode.swift; path = MindvalleyChallengeTests.swift; sourceTree = "<group>"; };
		741019B8214BD44A0004FDAB /* Info.plist */ = {isa = PBXFileReference; lastKnownFileType = text.plist.xml; path = Info.plist; sourceTree = "<group>"; };
		741019C4214BD9880004FDAB /* Resource.swift */ = {isa = PBXFileReference; lastKnownFileType = sourcecode.swift; path = Resource.swift; sourceTree = "<group>"; };
		741019C6214BDA810004FDAB /* Links.swift */ = {isa = PBXFileReference; lastKnownFileType = sourcecode.swift; path = Links.swift; sourceTree = "<group>"; };
		741019C8214BDB740004FDAB /* URLs.swift */ = {isa = PBXFileReference; lastKnownFileType = sourcecode.swift; path = URLs.swift; sourceTree = "<group>"; };
		741019CA214BDBB20004FDAB /* User.swift */ = {isa = PBXFileReference; lastKnownFileType = sourcecode.swift; path = User.swift; sourceTree = "<group>"; };
		741019CC214BDC180004FDAB /* ProfileImage.swift */ = {isa = PBXFileReference; lastKnownFileType = sourcecode.swift; path = ProfileImage.swift; sourceTree = "<group>"; };
		741019CE214BE20A0004FDAB /* Category.swift */ = {isa = PBXFileReference; lastKnownFileType = sourcecode.swift; path = Category.swift; sourceTree = "<group>"; };
		741019D8214BEA240004FDAB /* Constants.swift */ = {isa = PBXFileReference; lastKnownFileType = sourcecode.swift; path = Constants.swift; sourceTree = "<group>"; };
		741019DA214BED560004FDAB /* ResourceController.swift */ = {isa = PBXFileReference; fileEncoding = 4; lastKnownFileType = sourcecode.swift; path = ResourceController.swift; sourceTree = "<group>"; };
		741019DC214C77790004FDAB /* ResourceViewController.swift */ = {isa = PBXFileReference; lastKnownFileType = sourcecode.swift; path = ResourceViewController.swift; sourceTree = "<group>"; };
		741019DD214C77790004FDAB /* ResourceViewController.xib */ = {isa = PBXFileReference; lastKnownFileType = file.xib; path = ResourceViewController.xib; sourceTree = "<group>"; };
		741019E1214C7BD30004FDAB /* ResourceTableViewCell.swift */ = {isa = PBXFileReference; lastKnownFileType = sourcecode.swift; path = ResourceTableViewCell.swift; sourceTree = "<group>"; };
		741019E2214C7BD30004FDAB /* ResourceTableViewCell.xib */ = {isa = PBXFileReference; lastKnownFileType = file.xib; path = ResourceTableViewCell.xib; sourceTree = "<group>"; };
		7483BBFC214D5DDE006038A4 /* ObjectMapper.framework */ = {isa = PBXFileReference; explicitFileType = wrapper.framework; path = ObjectMapper.framework; sourceTree = BUILT_PRODUCTS_DIR; };
		7483BBFE214D5DDE006038A4 /* SDWebImage.framework */ = {isa = PBXFileReference; explicitFileType = wrapper.framework; path = SDWebImage.framework; sourceTree = BUILT_PRODUCTS_DIR; };
		7483BC00214D60D9006038A4 /* MindvalleyChallenge-Bridging-Header.h */ = {isa = PBXFileReference; lastKnownFileType = sourcecode.c.h; path = "MindvalleyChallenge-Bridging-Header.h"; sourceTree = "<group>"; };
		7E60123E602F9674C8F19497 /* Pods_MindvalleyChallenge.framework */ = {isa = PBXFileReference; explicitFileType = wrapper.framework; includeInIndex = 0; path = Pods_MindvalleyChallenge.framework; sourceTree = BUILT_PRODUCTS_DIR; };
		D93D228A363A989B60B8132D /* Pods_MindvalleyChallengeTests.framework */ = {isa = PBXFileReference; explicitFileType = wrapper.framework; includeInIndex = 0; path = Pods_MindvalleyChallengeTests.framework; sourceTree = BUILT_PRODUCTS_DIR; };
		F3F3B1C52229A4F8F40F2BCA /* Pods-MindvalleyChallenge.debug.xcconfig */ = {isa = PBXFileReference; includeInIndex = 1; lastKnownFileType = text.xcconfig; name = "Pods-MindvalleyChallenge.debug.xcconfig"; path = "Pods/Target Support Files/Pods-MindvalleyChallenge/Pods-MindvalleyChallenge.debug.xcconfig"; sourceTree = "<group>"; };
/* End PBXFileReference section */

/* Begin PBXFrameworksBuildPhase section */
		7410199B214BD4490004FDAB /* Frameworks */ = {
			isa = PBXFrameworksBuildPhase;
			buildActionMask = 2147483647;
			files = (
				7483BBFD214D5DDE006038A4 /* ObjectMapper.framework in Frameworks */,
				7483BBFF214D5DDE006038A4 /* SDWebImage.framework in Frameworks */,
				464B8CA392B9CEE011AAAB13 /* Pods_MindvalleyChallenge.framework in Frameworks */,
			);
			runOnlyForDeploymentPostprocessing = 0;
		};
		741019AF214BD44A0004FDAB /* Frameworks */ = {
			isa = PBXFrameworksBuildPhase;
			buildActionMask = 2147483647;
			files = (
				31C664F89B46E3397D2115CD /* Pods_MindvalleyChallengeTests.framework in Frameworks */,
			);
			runOnlyForDeploymentPostprocessing = 0;
		};
/* End PBXFrameworksBuildPhase section */

/* Begin PBXGroup section */
		74101995214BD4480004FDAB = {
			isa = PBXGroup;
			children = (
				741019A0214BD4490004FDAB /* MindvalleyChallenge */,
				741019B5214BD44A0004FDAB /* MindvalleyChallengeTests */,
				7410199F214BD4490004FDAB /* Products */,
				D9D1FCE26CC407237FF092B5 /* Pods */,
				95FC93EDB2394E0C226C89F0 /* Frameworks */,
			);
			sourceTree = "<group>";
		};
		7410199F214BD4490004FDAB /* Products */ = {
			isa = PBXGroup;
			children = (
				7410199E214BD4490004FDAB /* MindvalleyChallenge.app */,
				741019B2214BD44A0004FDAB /* MindvalleyChallengeTests.xctest */,
			);
			name = Products;
			sourceTree = "<group>";
		};
		741019A0214BD4490004FDAB /* MindvalleyChallenge */ = {
			isa = PBXGroup;
			children = (
				741019A1214BD4490004FDAB /* AppDelegate.swift */,
				741019A3214BD4490004FDAB /* ViewController.swift */,
				741019A5214BD4490004FDAB /* Main.storyboard */,
				741019C1214BD8970004FDAB /* Model */,
				741019C2214BD8A10004FDAB /* Controller */,
				741019C3214BD8AC0004FDAB /* View */,
				741019A8214BD44A0004FDAB /* Assets.xcassets */,
				741019AA214BD44A0004FDAB /* LaunchScreen.storyboard */,
				7483BC00214D60D9006038A4 /* MindvalleyChallenge-Bridging-Header.h */,
				741019AD214BD44A0004FDAB /* Info.plist */,
				741019D8214BEA240004FDAB /* Constants.swift */,
			);
			path = MindvalleyChallenge;
			sourceTree = "<group>";
		};
		741019B5214BD44A0004FDAB /* MindvalleyChallengeTests */ = {
			isa = PBXGroup;
			children = (
				741019B6214BD44A0004FDAB /* MindvalleyChallengeTests.swift */,
				741019B8214BD44A0004FDAB /* Info.plist */,
			);
			path = MindvalleyChallengeTests;
			sourceTree = "<group>";
		};
		741019C1214BD8970004FDAB /* Model */ = {
			isa = PBXGroup;
			children = (
				741019C4214BD9880004FDAB /* Resource.swift */,
				741019C6214BDA810004FDAB /* Links.swift */,
				741019C8214BDB740004FDAB /* URLs.swift */,
				741019CA214BDBB20004FDAB /* User.swift */,
				741019CC214BDC180004FDAB /* ProfileImage.swift */,
				741019CE214BE20A0004FDAB /* Category.swift */,
			);
			path = Model;
			sourceTree = "<group>";
		};
		741019C2214BD8A10004FDAB /* Controller */ = {
			isa = PBXGroup;
			children = (
				741019DA214BED560004FDAB /* ResourceController.swift */,
			);
			path = Controller;
			sourceTree = "<group>";
		};
		741019C3214BD8AC0004FDAB /* View */ = {
			isa = PBXGroup;
			children = (
				741019E0214C7B260004FDAB /* cells */,
				741019DC214C77790004FDAB /* ResourceViewController.swift */,
				741019DD214C77790004FDAB /* ResourceViewController.xib */,
			);
			path = View;
			sourceTree = "<group>";
		};
		741019E0214C7B260004FDAB /* cells */ = {
			isa = PBXGroup;
			children = (
				741019E1214C7BD30004FDAB /* ResourceTableViewCell.swift */,
				741019E2214C7BD30004FDAB /* ResourceTableViewCell.xib */,
			);
			path = cells;
			sourceTree = "<group>";
		};
		95FC93EDB2394E0C226C89F0 /* Frameworks */ = {
			isa = PBXGroup;
			children = (
				7483BBFC214D5DDE006038A4 /* ObjectMapper.framework */,
				7483BBFE214D5DDE006038A4 /* SDWebImage.framework */,
				7E60123E602F9674C8F19497 /* Pods_MindvalleyChallenge.framework */,
				D93D228A363A989B60B8132D /* Pods_MindvalleyChallengeTests.framework */,
			);
			name = Frameworks;
			sourceTree = "<group>";
		};
		D9D1FCE26CC407237FF092B5 /* Pods */ = {
			isa = PBXGroup;
			children = (
				F3F3B1C52229A4F8F40F2BCA /* Pods-MindvalleyChallenge.debug.xcconfig */,
				6F214E9427F5F201781BEE96 /* Pods-MindvalleyChallenge.release.xcconfig */,
				3E8729835E756D0647C1F99C /* Pods-MindvalleyChallengeTests.debug.xcconfig */,
				038B97AA776BD720F643041A /* Pods-MindvalleyChallengeTests.release.xcconfig */,
			);
			name = Pods;
			sourceTree = "<group>";
		};
/* End PBXGroup section */

/* Begin PBXNativeTarget section */
		7410199D214BD4490004FDAB /* MindvalleyChallenge */ = {
			isa = PBXNativeTarget;
			buildConfigurationList = 741019BB214BD44A0004FDAB /* Build configuration list for PBXNativeTarget "MindvalleyChallenge" */;
			buildPhases = (
				2473B565E288756843414A81 /* [CP] Check Pods Manifest.lock */,
				7410199A214BD4490004FDAB /* Sources */,
				7410199B214BD4490004FDAB /* Frameworks */,
				7410199C214BD4490004FDAB /* Resources */,
				0E6AC3CF893998F7A0FCE9A7 /* [CP] Embed Pods Frameworks */,
			);
			buildRules = (
			);
			dependencies = (
			);
			name = MindvalleyChallenge;
			productName = MindvalleyChallenge;
			productReference = 7410199E214BD4490004FDAB /* MindvalleyChallenge.app */;
			productType = "com.apple.product-type.application";
		};
		741019B1214BD44A0004FDAB /* MindvalleyChallengeTests */ = {
			isa = PBXNativeTarget;
			buildConfigurationList = 741019BE214BD44A0004FDAB /* Build configuration list for PBXNativeTarget "MindvalleyChallengeTests" */;
			buildPhases = (
				9EEC22158D4D3717D07AE34D /* [CP] Check Pods Manifest.lock */,
				741019AE214BD44A0004FDAB /* Sources */,
				741019AF214BD44A0004FDAB /* Frameworks */,
				741019B0214BD44A0004FDAB /* Resources */,
			);
			buildRules = (
			);
			dependencies = (
				741019B4214BD44A0004FDAB /* PBXTargetDependency */,
			);
			name = MindvalleyChallengeTests;
			productName = MindvalleyChallengeTests;
			productReference = 741019B2214BD44A0004FDAB /* MindvalleyChallengeTests.xctest */;
			productType = "com.apple.product-type.bundle.unit-test";
		};
/* End PBXNativeTarget section */

/* Begin PBXProject section */
		74101996214BD4480004FDAB /* Project object */ = {
			isa = PBXProject;
			attributes = {
				LastSwiftUpdateCheck = 0940;
				LastUpgradeCheck = 0940;
				ORGANIZATIONNAME = "Omar Samir";
				TargetAttributes = {
					7410199D214BD4490004FDAB = {
						CreatedOnToolsVersion = 9.4;
					};
					741019B1214BD44A0004FDAB = {
						CreatedOnToolsVersion = 9.4;
						TestTargetID = 7410199D214BD4490004FDAB;
					};
				};
			};
			buildConfigurationList = 74101999214BD4480004FDAB /* Build configuration list for PBXProject "MindvalleyChallenge" */;
			compatibilityVersion = "Xcode 9.3";
			developmentRegion = en;
			hasScannedForEncodings = 0;
			knownRegions = (
				en,
				Base,
			);
			mainGroup = 74101995214BD4480004FDAB;
			productRefGroup = 7410199F214BD4490004FDAB /* Products */;
			projectDirPath = "";
			projectRoot = "";
			targets = (
				7410199D214BD4490004FDAB /* MindvalleyChallenge */,
				741019B1214BD44A0004FDAB /* MindvalleyChallengeTests */,
			);
		};
/* End PBXProject section */

/* Begin PBXResourcesBuildPhase section */
		7410199C214BD4490004FDAB /* Resources */ = {
			isa = PBXResourcesBuildPhase;
			buildActionMask = 2147483647;
			files = (
				741019AC214BD44A0004FDAB /* LaunchScreen.storyboard in Resources */,
				741019E4214C7BD30004FDAB /* ResourceTableViewCell.xib in Resources */,
				741019A9214BD44A0004FDAB /* Assets.xcassets in Resources */,
				741019DF214C77790004FDAB /* ResourceViewController.xib in Resources */,
				741019A7214BD4490004FDAB /* Main.storyboard in Resources */,
			);
			runOnlyForDeploymentPostprocessing = 0;
		};
		741019B0214BD44A0004FDAB /* Resources */ = {
			isa = PBXResourcesBuildPhase;
			buildActionMask = 2147483647;
			files = (
			);
			runOnlyForDeploymentPostprocessing = 0;
		};
/* End PBXResourcesBuildPhase section */

/* Begin PBXShellScriptBuildPhase section */
		0E6AC3CF893998F7A0FCE9A7 /* [CP] Embed Pods Frameworks */ = {
			isa = PBXShellScriptBuildPhase;
			buildActionMask = 2147483647;
			files = (
			);
			inputPaths = (
				"${SRCROOT}/Pods/Target Support Files/Pods-MindvalleyChallenge/Pods-MindvalleyChallenge-frameworks.sh",
				"${BUILT_PRODUCTS_DIR}/ObjectMapper/ObjectMapper.framework",
				"${BUILT_PRODUCTS_DIR}/SDWebImage/SDWebImage.framework",
			);
			name = "[CP] Embed Pods Frameworks";
			outputPaths = (
				"${TARGET_BUILD_DIR}/${FRAMEWORKS_FOLDER_PATH}/ObjectMapper.framework",
				"${TARGET_BUILD_DIR}/${FRAMEWORKS_FOLDER_PATH}/SDWebImage.framework",
			);
			runOnlyForDeploymentPostprocessing = 0;
			shellPath = /bin/sh;
			shellScript = "\"${SRCROOT}/Pods/Target Support Files/Pods-MindvalleyChallenge/Pods-MindvalleyChallenge-frameworks.sh\"\n";
			showEnvVarsInLog = 0;
		};
		2473B565E288756843414A81 /* [CP] Check Pods Manifest.lock */ = {
			isa = PBXShellScriptBuildPhase;
			buildActionMask = 2147483647;
			files = (
			);
			inputPaths = (
				"${PODS_PODFILE_DIR_PATH}/Podfile.lock",
				"${PODS_ROOT}/Manifest.lock",
			);
			name = "[CP] Check Pods Manifest.lock";
			outputPaths = (
				"$(DERIVED_FILE_DIR)/Pods-MindvalleyChallenge-checkManifestLockResult.txt",
			);
			runOnlyForDeploymentPostprocessing = 0;
			shellPath = /bin/sh;
			shellScript = "diff \"${PODS_PODFILE_DIR_PATH}/Podfile.lock\" \"${PODS_ROOT}/Manifest.lock\" > /dev/null\nif [ $? != 0 ] ; then\n    # print error to STDERR\n    echo \"error: The sandbox is not in sync with the Podfile.lock. Run 'pod install' or update your CocoaPods installation.\" >&2\n    exit 1\nfi\n# This output is used by Xcode 'outputs' to avoid re-running this script phase.\necho \"SUCCESS\" > \"${SCRIPT_OUTPUT_FILE_0}\"\n";
			showEnvVarsInLog = 0;
		};
		9EEC22158D4D3717D07AE34D /* [CP] Check Pods Manifest.lock */ = {
			isa = PBXShellScriptBuildPhase;
			buildActionMask = 2147483647;
			files = (
			);
			inputPaths = (
				"${PODS_PODFILE_DIR_PATH}/Podfile.lock",
				"${PODS_ROOT}/Manifest.lock",
			);
			name = "[CP] Check Pods Manifest.lock";
			outputPaths = (
				"$(DERIVED_FILE_DIR)/Pods-MindvalleyChallengeTests-checkManifestLockResult.txt",
			);
			runOnlyForDeploymentPostprocessing = 0;
			shellPath = /bin/sh;
			shellScript = "diff \"${PODS_PODFILE_DIR_PATH}/Podfile.lock\" \"${PODS_ROOT}/Manifest.lock\" > /dev/null\nif [ $? != 0 ] ; then\n    # print error to STDERR\n    echo \"error: The sandbox is not in sync with the Podfile.lock. Run 'pod install' or update your CocoaPods installation.\" >&2\n    exit 1\nfi\n# This output is used by Xcode 'outputs' to avoid re-running this script phase.\necho \"SUCCESS\" > \"${SCRIPT_OUTPUT_FILE_0}\"\n";
			showEnvVarsInLog = 0;
		};
/* End PBXShellScriptBuildPhase section */

/* Begin PBXSourcesBuildPhase section */
		7410199A214BD4490004FDAB /* Sources */ = {
			isa = PBXSourcesBuildPhase;
			buildActionMask = 2147483647;
			files = (
				741019C9214BDB740004FDAB /* URLs.swift in Sources */,
				741019DE214C77790004FDAB /* ResourceViewController.swift in Sources */,
				741019CD214BDC180004FDAB /* ProfileImage.swift in Sources */,
				741019C5214BD9880004FDAB /* Resource.swift in Sources */,
				741019CB214BDBB20004FDAB /* User.swift in Sources */,
				741019A4214BD4490004FDAB /* ViewController.swift in Sources */,
				741019A2214BD4490004FDAB /* AppDelegate.swift in Sources */,
				741019C7214BDA810004FDAB /* Links.swift in Sources */,
				741019DB214BED560004FDAB /* ResourceController.swift in Sources */,
				741019E3214C7BD30004FDAB /* ResourceTableViewCell.swift in Sources */,
				741019CF214BE20A0004FDAB /* Category.swift in Sources */,
				741019D9214BEA240004FDAB /* Constants.swift in Sources */,
			);
			runOnlyForDeploymentPostprocessing = 0;
		};
		741019AE214BD44A0004FDAB /* Sources */ = {
			isa = PBXSourcesBuildPhase;
			buildActionMask = 2147483647;
			files = (
				741019B7214BD44A0004FDAB /* MindvalleyChallengeTests.swift in Sources */,
			);
			runOnlyForDeploymentPostprocessing = 0;
		};
/* End PBXSourcesBuildPhase section */

/* Begin PBXTargetDependency section */
		741019B4214BD44A0004FDAB /* PBXTargetDependency */ = {
			isa = PBXTargetDependency;
			target = 7410199D214BD4490004FDAB /* MindvalleyChallenge */;
			targetProxy = 741019B3214BD44A0004FDAB /* PBXContainerItemProxy */;
		};
/* End PBXTargetDependency section */

/* Begin PBXVariantGroup section */
		741019A5214BD4490004FDAB /* Main.storyboard */ = {
			isa = PBXVariantGroup;
			children = (
				741019A6214BD4490004FDAB /* Base */,
			);
			name = Main.storyboard;
			sourceTree = "<group>";
		};
		741019AA214BD44A0004FDAB /* LaunchScreen.storyboard */ = {
			isa = PBXVariantGroup;
			children = (
				741019AB214BD44A0004FDAB /* Base */,
			);
			name = LaunchScreen.storyboard;
			sourceTree = "<group>";
		};
/* End PBXVariantGroup section */

/* Begin XCBuildConfiguration section */
		741019B9214BD44A0004FDAB /* Debug */ = {
			isa = XCBuildConfiguration;
			buildSettings = {
				ALWAYS_SEARCH_USER_PATHS = NO;
				CLANG_ANALYZER_NONNULL = YES;
				CLANG_ANALYZER_NUMBER_OBJECT_CONVERSION = YES_AGGRESSIVE;
				CLANG_CXX_LANGUAGE_STANDARD = "gnu++14";
				CLANG_CXX_LIBRARY = "libc++";
				CLANG_ENABLE_MODULES = YES;
				CLANG_ENABLE_OBJC_ARC = YES;
				CLANG_ENABLE_OBJC_WEAK = YES;
				CLANG_WARN_BLOCK_CAPTURE_AUTORELEASING = YES;
				CLANG_WARN_BOOL_CONVERSION = YES;
				CLANG_WARN_COMMA = YES;
				CLANG_WARN_CONSTANT_CONVERSION = YES;
				CLANG_WARN_DEPRECATED_OBJC_IMPLEMENTATIONS = YES;
				CLANG_WARN_DIRECT_OBJC_ISA_USAGE = YES_ERROR;
				CLANG_WARN_DOCUMENTATION_COMMENTS = YES;
				CLANG_WARN_EMPTY_BODY = YES;
				CLANG_WARN_ENUM_CONVERSION = YES;
				CLANG_WARN_INFINITE_RECURSION = YES;
				CLANG_WARN_INT_CONVERSION = YES;
				CLANG_WARN_NON_LITERAL_NULL_CONVERSION = YES;
				CLANG_WARN_OBJC_IMPLICIT_RETAIN_SELF = YES;
				CLANG_WARN_OBJC_LITERAL_CONVERSION = YES;
				CLANG_WARN_OBJC_ROOT_CLASS = YES_ERROR;
				CLANG_WARN_RANGE_LOOP_ANALYSIS = YES;
				CLANG_WARN_STRICT_PROTOTYPES = YES;
				CLANG_WARN_SUSPICIOUS_MOVE = YES;
				CLANG_WARN_UNGUARDED_AVAILABILITY = YES_AGGRESSIVE;
				CLANG_WARN_UNREACHABLE_CODE = YES;
				CLANG_WARN__DUPLICATE_METHOD_MATCH = YES;
				CODE_SIGN_IDENTITY = "iPhone Developer";
				COPY_PHASE_STRIP = NO;
				DEBUG_INFORMATION_FORMAT = dwarf;
				ENABLE_STRICT_OBJC_MSGSEND = YES;
				ENABLE_TESTABILITY = YES;
				GCC_C_LANGUAGE_STANDARD = gnu11;
				GCC_DYNAMIC_NO_PIC = NO;
				GCC_NO_COMMON_BLOCKS = YES;
				GCC_OPTIMIZATION_LEVEL = 0;
				GCC_PREPROCESSOR_DEFINITIONS = (
					"DEBUG=1",
					"$(inherited)",
				);
				GCC_WARN_64_TO_32_BIT_CONVERSION = YES;
				GCC_WARN_ABOUT_RETURN_TYPE = YES_ERROR;
				GCC_WARN_UNDECLARED_SELECTOR = YES;
				GCC_WARN_UNINITIALIZED_AUTOS = YES_AGGRESSIVE;
				GCC_WARN_UNUSED_FUNCTION = YES;
				GCC_WARN_UNUSED_VARIABLE = YES;
				IPHONEOS_DEPLOYMENT_TARGET = 11.4;
				MTL_ENABLE_DEBUG_INFO = YES;
				ONLY_ACTIVE_ARCH = YES;
				SDKROOT = iphoneos;
				SWIFT_ACTIVE_COMPILATION_CONDITIONS = DEBUG;
				SWIFT_OPTIMIZATION_LEVEL = "-Onone";
			};
			name = Debug;
		};
		741019BA214BD44A0004FDAB /* Release */ = {
			isa = XCBuildConfiguration;
			buildSettings = {
				ALWAYS_SEARCH_USER_PATHS = NO;
				CLANG_ANALYZER_NONNULL = YES;
				CLANG_ANALYZER_NUMBER_OBJECT_CONVERSION = YES_AGGRESSIVE;
				CLANG_CXX_LANGUAGE_STANDARD = "gnu++14";
				CLANG_CXX_LIBRARY = "libc++";
				CLANG_ENABLE_MODULES = YES;
				CLANG_ENABLE_OBJC_ARC = YES;
				CLANG_ENABLE_OBJC_WEAK = YES;
				CLANG_WARN_BLOCK_CAPTURE_AUTORELEASING = YES;
				CLANG_WARN_BOOL_CONVERSION = YES;
				CLANG_WARN_COMMA = YES;
				CLANG_WARN_CONSTANT_CONVERSION = YES;
				CLANG_WARN_DEPRECATED_OBJC_IMPLEMENTATIONS = YES;
				CLANG_WARN_DIRECT_OBJC_ISA_USAGE = YES_ERROR;
				CLANG_WARN_DOCUMENTATION_COMMENTS = YES;
				CLANG_WARN_EMPTY_BODY = YES;
				CLANG_WARN_ENUM_CONVERSION = YES;
				CLANG_WARN_INFINITE_RECURSION = YES;
				CLANG_WARN_INT_CONVERSION = YES;
				CLANG_WARN_NON_LITERAL_NULL_CONVERSION = YES;
				CLANG_WARN_OBJC_IMPLICIT_RETAIN_SELF = YES;
				CLANG_WARN_OBJC_LITERAL_CONVERSION = YES;
				CLANG_WARN_OBJC_ROOT_CLASS = YES_ERROR;
				CLANG_WARN_RANGE_LOOP_ANALYSIS = YES;
				CLANG_WARN_STRICT_PROTOTYPES = YES;
				CLANG_WARN_SUSPICIOUS_MOVE = YES;
				CLANG_WARN_UNGUARDED_AVAILABILITY = YES_AGGRESSIVE;
				CLANG_WARN_UNREACHABLE_CODE = YES;
				CLANG_WARN__DUPLICATE_METHOD_MATCH = YES;
				CODE_SIGN_IDENTITY = "iPhone Developer";
				COPY_PHASE_STRIP = NO;
				DEBUG_INFORMATION_FORMAT = "dwarf-with-dsym";
				ENABLE_NS_ASSERTIONS = NO;
				ENABLE_STRICT_OBJC_MSGSEND = YES;
				GCC_C_LANGUAGE_STANDARD = gnu11;
				GCC_NO_COMMON_BLOCKS = YES;
				GCC_WARN_64_TO_32_BIT_CONVERSION = YES;
				GCC_WARN_ABOUT_RETURN_TYPE = YES_ERROR;
				GCC_WARN_UNDECLARED_SELECTOR = YES;
				GCC_WARN_UNINITIALIZED_AUTOS = YES_AGGRESSIVE;
				GCC_WARN_UNUSED_FUNCTION = YES;
				GCC_WARN_UNUSED_VARIABLE = YES;
				IPHONEOS_DEPLOYMENT_TARGET = 11.4;
				MTL_ENABLE_DEBUG_INFO = NO;
				SDKROOT = iphoneos;
				SWIFT_COMPILATION_MODE = wholemodule;
				SWIFT_OPTIMIZATION_LEVEL = "-O";
				VALIDATE_PRODUCT = YES;
			};
			name = Release;
		};
		741019BC214BD44A0004FDAB /* Debug */ = {
			isa = XCBuildConfiguration;
			baseConfigurationReference = F3F3B1C52229A4F8F40F2BCA /* Pods-MindvalleyChallenge.debug.xcconfig */;
			buildSettings = {
				ASSETCATALOG_COMPILER_APPICON_NAME = AppIcon;
				CODE_SIGN_STYLE = Automatic;
				INFOPLIST_FILE = MindvalleyChallenge/Info.plist;
				IPHONEOS_DEPLOYMENT_TARGET = 8.0;
				LD_RUNPATH_SEARCH_PATHS = (
					"$(inherited)",
					"@executable_path/Frameworks",
				);
				PRODUCT_BUNDLE_IDENTIFIER = omar.MindvalleyChallenge;
				PRODUCT_NAME = "$(TARGET_NAME)";
				SWIFT_OBJC_BRIDGING_HEADER = "$(SRCROOT)/$(PROJECT_NAME)/MindvalleyChallenge-Bridging-Header.h";
				SWIFT_VERSION = 4.0;
				TARGETED_DEVICE_FAMILY = "1,2";
			};
			name = Debug;
		};
		741019BD214BD44A0004FDAB /* Release */ = {
			isa = XCBuildConfiguration;
			baseConfigurationReference = 6F214E9427F5F201781BEE96 /* Pods-MindvalleyChallenge.release.xcconfig */;
			buildSettings = {
				ASSETCATALOG_COMPILER_APPICON_NAME = AppIcon;
				CODE_SIGN_STYLE = Automatic;
				INFOPLIST_FILE = MindvalleyChallenge/Info.plist;
				IPHONEOS_DEPLOYMENT_TARGET = 8.0;
				LD_RUNPATH_SEARCH_PATHS = (
					"$(inherited)",
					"@executable_path/Frameworks",
				);
				PRODUCT_BUNDLE_IDENTIFIER = omar.MindvalleyChallenge;
				PRODUCT_NAME = "$(TARGET_NAME)";
				SWIFT_OBJC_BRIDGING_HEADER = "$(SRCROOT)/$(PROJECT_NAME)/MindvalleyChallenge-Bridging-Header.h";
				SWIFT_VERSION = 4.0;
				TARGETED_DEVICE_FAMILY = "1,2";
			};
			name = Release;
		};
		741019BF214BD44A0004FDAB /* Debug */ = {
			isa = XCBuildConfiguration;
			baseConfigurationReference = 3E8729835E756D0647C1F99C /* Pods-MindvalleyChallengeTests.debug.xcconfig */;
			buildSettings = {
				ALWAYS_EMBED_SWIFT_STANDARD_LIBRARIES = YES;
				BUNDLE_LOADER = "$(TEST_HOST)";
				CODE_SIGN_STYLE = Automatic;
				INFOPLIST_FILE = MindvalleyChallengeTests/Info.plist;
				LD_RUNPATH_SEARCH_PATHS = (
					"$(inherited)",
					"@executable_path/Frameworks",
					"@loader_path/Frameworks",
				);
				PRODUCT_BUNDLE_IDENTIFIER = omar.MindvalleyChallengeTests;
				PRODUCT_NAME = "$(TARGET_NAME)";
				SWIFT_VERSION = 4.0;
				TARGETED_DEVICE_FAMILY = "1,2";
				TEST_HOST = "$(BUILT_PRODUCTS_DIR)/MindvalleyChallenge.app/MindvalleyChallenge";
			};
			name = Debug;
		};
		741019C0214BD44A0004FDAB /* Release */ = {
			isa = XCBuildConfiguration;
			baseConfigurationReference = 038B97AA776BD720F643041A /* Pods-MindvalleyChallengeTests.release.xcconfig */;
			buildSettings = {
				ALWAYS_EMBED_SWIFT_STANDARD_LIBRARIES = YES;
				BUNDLE_LOADER = "$(TEST_HOST)";
				CODE_SIGN_STYLE = Automatic;
				INFOPLIST_FILE = MindvalleyChallengeTests/Info.plist;
				LD_RUNPATH_SEARCH_PATHS = (
					"$(inherited)",
					"@executable_path/Frameworks",
					"@loader_path/Frameworks",
				);
				PRODUCT_BUNDLE_IDENTIFIER = omar.MindvalleyChallengeTests;
				PRODUCT_NAME = "$(TARGET_NAME)";
				SWIFT_VERSION = 4.0;
				TARGETED_DEVICE_FAMILY = "1,2";
				TEST_HOST = "$(BUILT_PRODUCTS_DIR)/MindvalleyChallenge.app/MindvalleyChallenge";
			};
			name = Release;
		};
/* End XCBuildConfiguration section */

/* Begin XCConfigurationList section */
		74101999214BD4480004FDAB /* Build configuration list for PBXProject "MindvalleyChallenge" */ = {
			isa = XCConfigurationList;
			buildConfigurations = (
				741019B9214BD44A0004FDAB /* Debug */,
				741019BA214BD44A0004FDAB /* Release */,
			);
			defaultConfigurationIsVisible = 0;
			defaultConfigurationName = Release;
		};
		741019BB214BD44A0004FDAB /* Build configuration list for PBXNativeTarget "MindvalleyChallenge" */ = {
			isa = XCConfigurationList;
			buildConfigurations = (
				741019BC214BD44A0004FDAB /* Debug */,
				741019BD214BD44A0004FDAB /* Release */,
			);
			defaultConfigurationIsVisible = 0;
			defaultConfigurationName = Release;
		};
		741019BE214BD44A0004FDAB /* Build configuration list for PBXNativeTarget "MindvalleyChallengeTests" */ = {
			isa = XCConfigurationList;
			buildConfigurations = (
				741019BF214BD44A0004FDAB /* Debug */,
				741019C0214BD44A0004FDAB /* Release */,
			);
			defaultConfigurationIsVisible = 0;
			defaultConfigurationName = Release;
		};
/* End XCConfigurationList section */
	};
	rootObject = 74101996214BD4480004FDAB /* Project object */;
}
