// !$*UTF8*$!
{
	archiveVersion = 1;
	classes = {
	};
	objectVersion = 50;
	objects = {

/* Begin PBXBuildFile section */
		741019A2214BD4490004FDAB /* AppDelegate.swift in Sources */ = {isa = PBXBuildFile; fileRef = 741019A1214BD4490004FDAB /* AppDelegate.swift */; };
		741019A4214BD4490004FDAB /* ViewController.swift in Sources */ = {isa = PBXBuildFile; fileRef = 741019A3214BD4490004FDAB /* ViewController.swift */; };
		741019A7214BD4490004FDAB /* Main.storyboard in Resources */ = {isa = PBXBuildFile; fileRef = 741019A5214BD4490004FDAB /* Main.storyboard */; };
		741019A9214BD44A0004FDAB /* Assets.xcassets in Resources */ = {isa = PBXBuildFile; fileRef = 741019A8214BD44A0004FDAB /* Assets.xcassets */; };
		741019AC214BD44A0004FDAB /* LaunchScreen.storyboard in Resources */ = {isa = PBXBuildFile; fileRef = 741019AA214BD44A0004FDAB /* LaunchScreen.storyboard */; };
		741019B7214BD44A0004FDAB /* MindvalleyChallengeTests.swift in Sources */ = {isa = PBXBuildFile; fileRef = 741019B6214BD44A0004FDAB /* MindvalleyChallengeTests.swift */; };
/* End PBXBuildFile section */

/* Begin PBXContainerItemProxy section */
		741019B3214BD44A0004FDAB /* PBXContainerItemProxy */ = {
			isa = PBXContainerItemProxy;
			containerPortal = 74101996214BD4480004FDAB /* Project object */;
			proxyType = 1;
			remoteGlobalIDString = 7410199D214BD4490004FDAB;
			remoteInfo = MindvalleyChallenge;
		};
/* End PBXContainerItemProxy section */

/* Begin PBXFileReference section */
		7410199E214BD4490004FDAB /* MindvalleyChallenge.app */ = {isa = PBXFileReference; explicitFileType = wrapper.application; includeInIndex = 0; path = MindvalleyChallenge.app; sourceTree = BUILT_PRODUCTS_DIR; };
		741019A1214BD4490004FDAB /* AppDelegate.swift */ = {isa = PBXFileReference; lastKnownFileType = sourcecode.swift; path = AppDelegate.swift; sourceTree = "<group>"; };
		741019A3214BD4490004FDAB /* ViewController.swift */ = {isa = PBXFileReference; lastKnownFileType = sourcecode.swift; path = ViewController.swift; sourceTree = "<group>"; };
		741019A6214BD4490004FDAB /* Base */ = {isa = PBXFileReference; lastKnownFileType = file.storyboard; name = Base; path = Base.lproj/Main.storyboard; sourceTree = "<group>"; };
		741019A8214BD44A0004FDAB /* Assets.xcassets */ = {isa = PBXFileReference; lastKnownFileType = folder.assetcatalog; path = Assets.xcassets; sourceTree = "<group>"; };
		741019AB214BD44A0004FDAB /* Base */ = {isa = PBXFileReference; lastKnownFileType = file.storyboard; name = Base; path = Base.lproj/LaunchScreen.storyboard; sourceTree = "<group>"; };
		741019AD214BD44A0004FDAB /* Info.plist */ = {isa = PBXFileReference; lastKnownFileType = text.plist.xml; path = Info.plist; sourceTree = "<group>"; };
		741019B2214BD44A0004FDAB /* MindvalleyChallengeTests.xctest */ = {isa = PBXFileReference; explicitFileType = wrapper.cfbundle; includeInIndex = 0; path = MindvalleyChallengeTests.xctest; sourceTree = BUILT_PRODUCTS_DIR; };
		741019B6214BD44A0004FDAB /* MindvalleyChallengeTests.swift */ = {isa = PBXFileReference; lastKnownFileType = sourcecode.swift; path = MindvalleyChallengeTests.swift; sourceTree = "<group>"; };
		741019B8214BD44A0004FDAB /* Info.plist */ = {isa = PBXFileReference; lastKnownFileType = text.plist.xml; path = Info.plist; sourceTree = "<group>"; };
/* End PBXFileReference section */

/* Begin PBXFrameworksBuildPhase section */
		7410199B214BD4490004FDAB /* Frameworks */ = {
			isa = PBXFrameworksBuildPhase;
			buildActionMask = 2147483647;
			files = (
			);
			runOnlyForDeploymentPostprocessing = 0;
		};
		741019AF214BD44A0004FDAB /* Frameworks */ = {
			isa = PBXFrameworksBuildPhase;
			buildActionMask = 2147483647;
			files = (
			);
			runOnlyForDeploymentPostprocessing = 0;
		};
/* End PBXFrameworksBuildPhase section */

/* Begin PBXGroup section */
		74101995214BD4480004FDAB = {
			isa = PBXGroup;
			children = (
				741019A0214BD4490004FDAB /* MindvalleyChallenge */,
				741019B5214BD44A0004FDAB /* MindvalleyChallengeTests */,
				7410199F214BD4490004FDAB /* Products */,
			);
			sourceTree = "<group>";
		};
		7410199F214BD4490004FDAB /* Products */ = {
			isa = PBXGroup;
			children = (
				7410199E214BD4490004FDAB /* MindvalleyChallenge.app */,
				741019B2214BD44A0004FDAB /* MindvalleyChallengeTests.xctest */,
			);
			name = Products;
			sourceTree = "<group>";
		};
		741019A0214BD4490004FDAB /* MindvalleyChallenge */ = {
			isa = PBXGroup;
			children = (
				741019A1214BD4490004FDAB /* AppDelegate.swift */,
				741019A3214BD4490004FDAB /* ViewController.swift */,
				741019A5214BD4490004FDAB /* Main.storyboard */,
				741019A8214BD44A0004FDAB /* Assets.xcassets */,
				741019AA214BD44A0004FDAB /* LaunchScreen.storyboard */,
				741019AD214BD44A0004FDAB /* Info.plist */,
			);
			path = MindvalleyChallenge;
			sourceTree = "<group>";
		};
		741019B5214BD44A0004FDAB /* MindvalleyChallengeTests */ = {
			isa = PBXGroup;
			children = (
				741019B6214BD44A0004FDAB /* MindvalleyChallengeTests.swift */,
				741019B8214BD44A0004FDAB /* Info.plist */,
			);
			path = MindvalleyChallengeTests;
			sourceTree = "<group>";
		};
/* End PBXGroup section */

/* Begin PBXNativeTarget section */
		7410199D214BD4490004FDAB /* MindvalleyChallenge */ = {
			isa = PBXNativeTarget;
			buildConfigurationList = 741019BB214BD44A0004FDAB /* Build configuration list for PBXNativeTarget "MindvalleyChallenge" */;
			buildPhases = (
				7410199A214BD4490004FDAB /* Sources */,
				7410199B214BD4490004FDAB /* Frameworks */,
				7410199C214BD4490004FDAB /* Resources */,
			);
			buildRules = (
			);
			dependencies = (
			);
			name = MindvalleyChallenge;
			productName = MindvalleyChallenge;
			productReference = 7410199E214BD4490004FDAB /* MindvalleyChallenge.app */;
			productType = "com.apple.product-type.application";
		};
		741019B1214BD44A0004FDAB /* MindvalleyChallengeTests */ = {
			isa = PBXNativeTarget;
			buildConfigurationList = 741019BE214BD44A0004FDAB /* Build configuration list for PBXNativeTarget "MindvalleyChallengeTests" */;
			buildPhases = (
				741019AE214BD44A0004FDAB /* Sources */,
				741019AF214BD44A0004FDAB /* Frameworks */,
				741019B0214BD44A0004FDAB /* Resources */,
			);
			buildRules = (
			);
			dependencies = (
				741019B4214BD44A0004FDAB /* PBXTargetDependency */,
			);
			name = MindvalleyChallengeTests;
			productName = MindvalleyChallengeTests;
			productReference = 741019B2214BD44A0004FDAB /* MindvalleyChallengeTests.xctest */;
			productType = "com.apple.product-type.bundle.unit-test";
		};
/* End PBXNativeTarget section */

/* Begin PBXProject section */
		74101996214BD4480004FDAB /* Project object */ = {
			isa = PBXProject;
			attributes = {
				LastSwiftUpdateCheck = 0940;
				LastUpgradeCheck = 0940;
				ORGANIZATIONNAME = "Omar Samir";
				TargetAttributes = {
					7410199D214BD4490004FDAB = {
						CreatedOnToolsVersion = 9.4;
					};
					741019B1214BD44A0004FDAB = {
						CreatedOnToolsVersion = 9.4;
						TestTargetID = 7410199D214BD4490004FDAB;
					};
				};
			};
			buildConfigurationList = 74101999214BD4480004FDAB /* Build configuration list for PBXProject "MindvalleyChallenge" */;
			compatibilityVersion = "Xcode 9.3";
			developmentRegion = en;
			hasScannedForEncodings = 0;
			knownRegions = (
				en,
				Base,
			);
			mainGroup = 74101995214BD4480004FDAB;
			productRefGroup = 7410199F214BD4490004FDAB /* Products */;
			projectDirPath = "";
			projectRoot = "";
			targets = (
				7410199D214BD4490004FDAB /* MindvalleyChallenge */,
				741019B1214BD44A0004FDAB /* MindvalleyChallengeTests */,
			);
		};
/* End PBXProject section */

/* Begin PBXResourcesBuildPhase section */
		7410199C214BD4490004FDAB /* Resources */ = {
			isa = PBXResourcesBuildPhase;
			buildActionMask = 2147483647;
			files = (
				741019AC214BD44A0004FDAB /* LaunchScreen.storyboard in Resources */,
				741019A9214BD44A0004FDAB /* Assets.xcassets in Resources */,
				741019A7214BD4490004FDAB /* Main.storyboard in Resources */,
			);
			runOnlyForDeploymentPostprocessing = 0;
		};
		741019B0214BD44A0004FDAB /* Resources */ = {
			isa = PBXResourcesBuildPhase;
			buildActionMask = 2147483647;
			files = (
			);
			runOnlyForDeploymentPostprocessing = 0;
		};
/* End PBXResourcesBuildPhase section */

/* Begin PBXSourcesBuildPhase section */
		7410199A214BD4490004FDAB /* Sources */ = {
			isa = PBXSourcesBuildPhase;
			buildActionMask = 2147483647;
			files = (
				741019A4214BD4490004FDAB /* ViewController.swift in Sources */,
				741019A2214BD4490004FDAB /* AppDelegate.swift in Sources */,
			);
			runOnlyForDeploymentPostprocessing = 0;
		};
		741019AE214BD44A0004FDAB /* Sources */ = {
			isa = PBXSourcesBuildPhase;
			buildActionMask = 2147483647;
			files = (
				741019B7214BD44A0004FDAB /* MindvalleyChallengeTests.swift in Sources */,
			);
			runOnlyForDeploymentPostprocessing = 0;
		};
/* End PBXSourcesBuildPhase section */

/* Begin PBXTargetDependency section */
		741019B4214BD44A0004FDAB /* PBXTargetDependency */ = {
			isa = PBXTargetDependency;
			target = 7410199D214BD4490004FDAB /* MindvalleyChallenge */;
			targetProxy = 741019B3214BD44A0004FDAB /* PBXContainerItemProxy */;
		};
/* End PBXTargetDependency section */

/* Begin PBXVariantGroup section */
		741019A5214BD4490004FDAB /* Main.storyboard */ = {
			isa = PBXVariantGroup;
			children = (
				741019A6214BD4490004FDAB /* Base */,
			);
			name = Main.storyboard;
			sourceTree = "<group>";
		};
		741019AA214BD44A0004FDAB /* LaunchScreen.storyboard */ = {
			isa = PBXVariantGroup;
			children = (
				741019AB214BD44A0004FDAB /* Base */,
			);
			name = LaunchScreen.storyboard;
			sourceTree = "<group>";
		};
/* End PBXVariantGroup section */

/* Begin XCBuildConfiguration section */
		741019B9214BD44A0004FDAB /* Debug */ = {
			isa = XCBuildConfiguration;
			buildSettings = {
				ALWAYS_SEARCH_USER_PATHS = NO;
				CLANG_ANALYZER_NONNULL = YES;
				CLANG_ANALYZER_NUMBER_OBJECT_CONVERSION = YES_AGGRESSIVE;
				CLANG_CXX_LANGUAGE_STANDARD = "gnu++14";
				CLANG_CXX_LIBRARY = "libc++";
				CLANG_ENABLE_MODULES = YES;
				CLANG_ENABLE_OBJC_ARC = YES;
				CLANG_ENABLE_OBJC_WEAK = YES;
				CLANG_WARN_BLOCK_CAPTURE_AUTORELEASING = YES;
				CLANG_WARN_BOOL_CONVERSION = YES;
				CLANG_WARN_COMMA = YES;
				CLANG_WARN_CONSTANT_CONVERSION = YES;
				CLANG_WARN_DEPRECATED_OBJC_IMPLEMENTATIONS = YES;
				CLANG_WARN_DIRECT_OBJC_ISA_USAGE = YES_ERROR;
				CLANG_WARN_DOCUMENTATION_COMMENTS = YES;
				CLANG_WARN_EMPTY_BODY = YES;
				CLANG_WARN_ENUM_CONVERSION = YES;
				CLANG_WARN_INFINITE_RECURSION = YES;
				CLANG_WARN_INT_CONVERSION = YES;
				CLANG_WARN_NON_LITERAL_NULL_CONVERSION = YES;
				CLANG_WARN_OBJC_IMPLICIT_RETAIN_SELF = YES;
				CLANG_WARN_OBJC_LITERAL_CONVERSION = YES;
				CLANG_WARN_OBJC_ROOT_CLASS = YES_ERROR;
				CLANG_WARN_RANGE_LOOP_ANALYSIS = YES;
				CLANG_WARN_STRICT_PROTOTYPES = YES;
				CLANG_WARN_SUSPICIOUS_MOVE = YES;
				CLANG_WARN_UNGUARDED_AVAILABILITY = YES_AGGRESSIVE;
				CLANG_WARN_UNREACHABLE_CODE = YES;
				CLANG_WARN__DUPLICATE_METHOD_MATCH = YES;
				CODE_SIGN_IDENTITY = "iPhone Developer";
				COPY_PHASE_STRIP = NO;
				DEBUG_INFORMATION_FORMAT = dwarf;
				ENABLE_STRICT_OBJC_MSGSEND = YES;
				ENABLE_TESTABILITY = YES;
				GCC_C_LANGUAGE_STANDARD = gnu11;
				GCC_DYNAMIC_NO_PIC = NO;
				GCC_NO_COMMON_BLOCKS = YES;
				GCC_OPTIMIZATION_LEVEL = 0;
				GCC_PREPROCESSOR_DEFINITIONS = (
					"DEBUG=1",
					"$(inherited)",
				);
				GCC_WARN_64_TO_32_BIT_CONVERSION = YES;
				GCC_WARN_ABOUT_RETURN_TYPE = YES_ERROR;
				GCC_WARN_UNDECLARED_SELECTOR = YES;
				GCC_WARN_UNINITIALIZED_AUTOS = YES_AGGRESSIVE;
				GCC_WARN_UNUSED_FUNCTION = YES;
				GCC_WARN_UNUSED_VARIABLE = YES;
				IPHONEOS_DEPLOYMENT_TARGET = 11.4;
				MTL_ENABLE_DEBUG_INFO = YES;
				ONLY_ACTIVE_ARCH = YES;
				SDKROOT = iphoneos;
				SWIFT_ACTIVE_COMPILATION_CONDITIONS = DEBUG;
				SWIFT_OPTIMIZATION_LEVEL = "-Onone";
			};
			name = Debug;
		};
		741019BA214BD44A0004FDAB /* Release */ = {
			isa = XCBuildConfiguration;
			buildSettings = {
				ALWAYS_SEARCH_USER_PATHS = NO;
				CLANG_ANALYZER_NONNULL = YES;
				CLANG_ANALYZER_NUMBER_OBJECT_CONVERSION = YES_AGGRESSIVE;
				CLANG_CXX_LANGUAGE_STANDARD = "gnu++14";
				CLANG_CXX_LIBRARY = "libc++";
				CLANG_ENABLE_MODULES = YES;
				CLANG_ENABLE_OBJC_ARC = YES;
				CLANG_ENABLE_OBJC_WEAK = YES;
				CLANG_WARN_BLOCK_CAPTURE_AUTORELEASING = YES;
				CLANG_WARN_BOOL_CONVERSION = YES;
				CLANG_WARN_COMMA = YES;
				CLANG_WARN_CONSTANT_CONVERSION = YES;
				CLANG_WARN_DEPRECATED_OBJC_IMPLEMENTATIONS = YES;
				CLANG_WARN_DIRECT_OBJC_ISA_USAGE = YES_ERROR;
				CLANG_WARN_DOCUMENTATION_COMMENTS = YES;
				CLANG_WARN_EMPTY_BODY = YES;
				CLANG_WARN_ENUM_CONVERSION = YES;
				CLANG_WARN_INFINITE_RECURSION = YES;
				CLANG_WARN_INT_CONVERSION = YES;
				CLANG_WARN_NON_LITERAL_NULL_CONVERSION = YES;
				CLANG_WARN_OBJC_IMPLICIT_RETAIN_SELF = YES;
				CLANG_WARN_OBJC_LITERAL_CONVERSION = YES;
				CLANG_WARN_OBJC_ROOT_CLASS = YES_ERROR;
				CLANG_WARN_RANGE_LOOP_ANALYSIS = YES;
				CLANG_WARN_STRICT_PROTOTYPES = YES;
				CLANG_WARN_SUSPICIOUS_MOVE = YES;
				CLANG_WARN_UNGUARDED_AVAILABILITY = YES_AGGRESSIVE;
				CLANG_WARN_UNREACHABLE_CODE = YES;
				CLANG_WARN__DUPLICATE_METHOD_MATCH = YES;
				CODE_SIGN_IDENTITY = "iPhone Developer";
				COPY_PHASE_STRIP = NO;
				DEBUG_INFORMATION_FORMAT = "dwarf-with-dsym";
				ENABLE_NS_ASSERTIONS = NO;
				ENABLE_STRICT_OBJC_MSGSEND = YES;
				GCC_C_LANGUAGE_STANDARD = gnu11;
				GCC_NO_COMMON_BLOCKS = YES;
				GCC_WARN_64_TO_32_BIT_CONVERSION = YES;
				GCC_WARN_ABOUT_RETURN_TYPE = YES_ERROR;
				GCC_WARN_UNDECLARED_SELECTOR = YES;
				GCC_WARN_UNINITIALIZED_AUTOS = YES_AGGRESSIVE;
				GCC_WARN_UNUSED_FUNCTION = YES;
				GCC_WARN_UNUSED_VARIABLE = YES;
				IPHONEOS_DEPLOYMENT_TARGET = 11.4;
				MTL_ENABLE_DEBUG_INFO = NO;
				SDKROOT = iphoneos;
				SWIFT_COMPILATION_MODE = wholemodule;
				SWIFT_OPTIMIZATION_LEVEL = "-O";
				VALIDATE_PRODUCT = YES;
			};
			name = Release;
		};
		741019BC214BD44A0004FDAB /* Debug */ = {
			isa = XCBuildConfiguration;
			buildSettings = {
				ASSETCATALOG_COMPILER_APPICON_NAME = AppIcon;
				CODE_SIGN_STYLE = Automatic;
				INFOPLIST_FILE = MindvalleyChallenge/Info.plist;
				LD_RUNPATH_SEARCH_PATHS = (
					"$(inherited)",
					"@executable_path/Frameworks",
				);
				PRODUCT_BUNDLE_IDENTIFIER = omar.MindvalleyChallenge;
				PRODUCT_NAME = "$(TARGET_NAME)";
				SWIFT_VERSION = 4.0;
				TARGETED_DEVICE_FAMILY = "1,2";
			};
			name = Debug;
		};
		741019BD214BD44A0004FDAB /* Release */ = {
			isa = XCBuildConfiguration;
			buildSettings = {
				ASSETCATALOG_COMPILER_APPICON_NAME = AppIcon;
				CODE_SIGN_STYLE = Automatic;
				INFOPLIST_FILE = MindvalleyChallenge/Info.plist;
				LD_RUNPATH_SEARCH_PATHS = (
					"$(inherited)",
					"@executable_path/Frameworks",
				);
				PRODUCT_BUNDLE_IDENTIFIER = omar.MindvalleyChallenge;
				PRODUCT_NAME = "$(TARGET_NAME)";
				SWIFT_VERSION = 4.0;
				TARGETED_DEVICE_FAMILY = "1,2";
			};
			name = Release;
		};
		741019BF214BD44A0004FDAB /* Debug */ = {
			isa = XCBuildConfiguration;
			buildSettings = {
				ALWAYS_EMBED_SWIFT_STANDARD_LIBRARIES = YES;
				BUNDLE_LOADER = "$(TEST_HOST)";
				CODE_SIGN_STYLE = Automatic;
				INFOPLIST_FILE = MindvalleyChallengeTests/Info.plist;
				LD_RUNPATH_SEARCH_PATHS = (
					"$(inherited)",
					"@executable_path/Frameworks",
					"@loader_path/Frameworks",
				);
				PRODUCT_BUNDLE_IDENTIFIER = omar.MindvalleyChallengeTests;
				PRODUCT_NAME = "$(TARGET_NAME)";
				SWIFT_VERSION = 4.0;
				TARGETED_DEVICE_FAMILY = "1,2";
				TEST_HOST = "$(BUILT_PRODUCTS_DIR)/MindvalleyChallenge.app/MindvalleyChallenge";
			};
			name = Debug;
		};
		741019C0214BD44A0004FDAB /* Release */ = {
			isa = XCBuildConfiguration;
			buildSettings = {
				ALWAYS_EMBED_SWIFT_STANDARD_LIBRARIES = YES;
				BUNDLE_LOADER = "$(TEST_HOST)";
				CODE_SIGN_STYLE = Automatic;
				INFOPLIST_FILE = MindvalleyChallengeTests/Info.plist;
				LD_RUNPATH_SEARCH_PATHS = (
					"$(inherited)",
					"@executable_path/Frameworks",
					"@loader_path/Frameworks",
				);
				PRODUCT_BUNDLE_IDENTIFIER = omar.MindvalleyChallengeTests;
				PRODUCT_NAME = "$(TARGET_NAME)";
				SWIFT_VERSION = 4.0;
				TARGETED_DEVICE_FAMILY = "1,2";
				TEST_HOST = "$(BUILT_PRODUCTS_DIR)/MindvalleyChallenge.app/MindvalleyChallenge";
			};
			name = Release;
		};
/* End XCBuildConfiguration section */

/* Begin XCConfigurationList section */
		74101999214BD4480004FDAB /* Build configuration list for PBXProject "MindvalleyChallenge" */ = {
			isa = XCConfigurationList;
			buildConfigurations = (
				741019B9214BD44A0004FDAB /* Debug */,
				741019BA214BD44A0004FDAB /* Release */,
			);
			defaultConfigurationIsVisible = 0;
			defaultConfigurationName = Release;
		};
		741019BB214BD44A0004FDAB /* Build configuration list for PBXNativeTarget "MindvalleyChallenge" */ = {
			isa = XCConfigurationList;
			buildConfigurations = (
				741019BC214BD44A0004FDAB /* Debug */,
				741019BD214BD44A0004FDAB /* Release */,
			);
			defaultConfigurationIsVisible = 0;
			defaultConfigurationName = Release;
		};
		741019BE214BD44A0004FDAB /* Build configuration list for PBXNativeTarget "MindvalleyChallengeTests" */ = {
			isa = XCConfigurationList;
			buildConfigurations = (
				741019BF214BD44A0004FDAB /* Debug */,
				741019C0214BD44A0004FDAB /* Release */,
			);
			defaultConfigurationIsVisible = 0;
			defaultConfigurationName = Release;
		};
/* End XCConfigurationList section */
	};
	rootObject = 74101996214BD4480004FDAB /* Project object */;
}
